
Microsoft Visual Studio Solution File, Format Version 12.00
# Visual Studio Version 17
VisualStudioVersion = 17.0.31717.71
MinimumVisualStudioVersion = 10.0.40219.1
Project("{FAE04EC0-301F-11D3-BF4B-00C04F79EFBC}") = "ProSoft.TestData", "ProSoft.TestData\ProSoft.TestData.csproj", "{C1F6AC25-C420-48CF-B28D-CC191E5A8075}"
EndProject
Global
	GlobalSection(SolutionConfigurationPlatforms) = preSolution
		Debug|Any CPU = Debug|Any CPU
		Release|Any CPU = Release|Any CPU
	EndGlobalSection
	GlobalSection(ProjectConfigurationPlatforms) = postSolution
		{C1F6AC25-C420-48CF-B28D-CC191E5A8075}.Debug|Any CPU.ActiveCfg = Debug|Any CPU
		{C1F6AC25-C420-48CF-B28D-CC191E5A8075}.Debug|Any CPU.Build.0 = Debug|Any CPU
		{C1F6AC25-C420-48CF-B28D-CC191E5A8075}.Release|Any CPU.ActiveCfg = Release|Any CPU
		{C1F6AC25-C420-48CF-B28D-CC191E5A8075}.Release|Any CPU.Build.0 = Release|Any CPU
	EndGlobalSection
	GlobalSection(SolutionProperties) = preSolution
		HideSolutionNode = FALSE
	EndGlobalSection
	GlobalSection(ExtensibilityGlobals) = postSolution
		SolutionGuid = {2D695887-F849-4A8D-B74F-C51E37A3DE96}
	EndGlobalSection
EndGlobal
